
Microsoft Visual Studio Solution File, Format Version 12.00
# Visual Studio Version 16
VisualStudioVersion = 16.0.810.9
MinimumVisualStudioVersion = 10.0.40219.1
Project("{FAE04EC0-301F-11D3-BF4B-00C04F79EFBC}") = "FoodMaster.Android", "FoodMaster.Android\FoodMaster.Android.csproj", "{6B7F85DC-082F-408B-8FD7-6DF9463F0344}"
EndProject
Project("{9A19103F-16F7-4668-BE54-9A1E7A4F7556}") = "FoodMaster", "FoodMaster\FoodMaster.csproj", "{8F7FA413-ED77-4A30-BDD7-0C46230A2848}"
EndProject
Global
	GlobalSection(SolutionConfigurationPlatforms) = preSolution
		Debug|Any CPU = Debug|Any CPU
		Release|Any CPU = Release|Any CPU
	EndGlobalSection
	GlobalSection(ProjectConfigurationPlatforms) = postSolution
		{6B7F85DC-082F-408B-8FD7-6DF9463F0344}.Debug|Any CPU.ActiveCfg = Debug|Any CPU
		{6B7F85DC-082F-408B-8FD7-6DF9463F0344}.Debug|Any CPU.Build.0 = Debug|Any CPU
		{6B7F85DC-082F-408B-8FD7-6DF9463F0344}.Debug|Any CPU.Deploy.0 = Debug|Any CPU
		{6B7F85DC-082F-408B-8FD7-6DF9463F0344}.Release|Any CPU.ActiveCfg = Release|Any CPU
		{6B7F85DC-082F-408B-8FD7-6DF9463F0344}.Release|Any CPU.Build.0 = Release|Any CPU
		{6B7F85DC-082F-408B-8FD7-6DF9463F0344}.Release|Any CPU.Deploy.0 = Release|Any CPU
		{8F7FA413-ED77-4A30-BDD7-0C46230A2848}.Debug|Any CPU.ActiveCfg = Debug|Any CPU
		{8F7FA413-ED77-4A30-BDD7-0C46230A2848}.Debug|Any CPU.Build.0 = Debug|Any CPU
		{8F7FA413-ED77-4A30-BDD7-0C46230A2848}.Release|Any CPU.ActiveCfg = Release|Any CPU
		{8F7FA413-ED77-4A30-BDD7-0C46230A2848}.Release|Any CPU.Build.0 = Release|Any CPU
	EndGlobalSection
	GlobalSection(SolutionProperties) = preSolution
		HideSolutionNode = FALSE
	EndGlobalSection
	GlobalSection(ExtensibilityGlobals) = postSolution
		SolutionGuid = {3D3C95BD-D0C8-42C7-B970-A23153AF130D}
	EndGlobalSection
EndGlobal
